
Microsoft Visual Studio Solution File, Format Version 12.00
# Visual Studio 15
VisualStudioVersion = 15.0.28307.572
MinimumVisualStudioVersion = 10.0.40219.1
Project("{9A19103F-16F7-4668-BE54-9A1E7A4F7556}") = "NotificationJobs", "NotificationJobs\NotificationJobs.csproj", "{14123029-5DE9-417C-B2A3-AA6246F59635}"
EndProject
Project("{FAE04EC0-301F-11D3-BF4B-00C04F79EFBC}") = "NotificationJobsLibrary", "NotificationJobsLibrary\NotificationJobsLibrary.csproj", "{304823FE-DE98-4582-AE96-E1CE821E5608}"
EndProject
Project("{FAE04EC0-301F-11D3-BF4B-00C04F79EFBC}") = "ConsoleApp2", "ConsoleApp2\ConsoleApp2.csproj", "{43189D53-AB90-4B9D-95D2-9FC28FB1737A}"
EndProject
Global
	GlobalSection(SolutionConfigurationPlatforms) = preSolution
		Debug|Any CPU = Debug|Any CPU
		Release|Any CPU = Release|Any CPU
	EndGlobalSection
	GlobalSection(ProjectConfigurationPlatforms) = postSolution
		{14123029-5DE9-417C-B2A3-AA6246F59635}.Debug|Any CPU.ActiveCfg = Debug|Any CPU
		{14123029-5DE9-417C-B2A3-AA6246F59635}.Debug|Any CPU.Build.0 = Debug|Any CPU
		{14123029-5DE9-417C-B2A3-AA6246F59635}.Release|Any CPU.ActiveCfg = Release|Any CPU
		{14123029-5DE9-417C-B2A3-AA6246F59635}.Release|Any CPU.Build.0 = Release|Any CPU
		{304823FE-DE98-4582-AE96-E1CE821E5608}.Debug|Any CPU.ActiveCfg = Debug|Any CPU
		{304823FE-DE98-4582-AE96-E1CE821E5608}.Debug|Any CPU.Build.0 = Debug|Any CPU
		{304823FE-DE98-4582-AE96-E1CE821E5608}.Release|Any CPU.ActiveCfg = Release|Any CPU
		{304823FE-DE98-4582-AE96-E1CE821E5608}.Release|Any CPU.Build.0 = Release|Any CPU
		{43189D53-AB90-4B9D-95D2-9FC28FB1737A}.Debug|Any CPU.ActiveCfg = Debug|Any CPU
		{43189D53-AB90-4B9D-95D2-9FC28FB1737A}.Debug|Any CPU.Build.0 = Debug|Any CPU
		{43189D53-AB90-4B9D-95D2-9FC28FB1737A}.Release|Any CPU.ActiveCfg = Release|Any CPU
		{43189D53-AB90-4B9D-95D2-9FC28FB1737A}.Release|Any CPU.Build.0 = Release|Any CPU
	EndGlobalSection
	GlobalSection(SolutionProperties) = preSolution
		HideSolutionNode = FALSE
	EndGlobalSection
	GlobalSection(ExtensibilityGlobals) = postSolution
		SolutionGuid = {48ABFC40-C69E-4D83-96B4-8973229CDD2F}
	EndGlobalSection
EndGlobal
